{
  "version": 4,
  "terraform_version": "1.6.6",
  "serial": 31,
  "lineage": "1e9dff56-a205-de04-2107-0d7dbfca3b56",
  "outputs": {},
  "resources": [
    {
      "mode": "managed",
      "type": "azurerm_availability_set",
      "name": "availset",
      "provider": "provider[\"registry.terraform.io/hashicorp/azurerm\"]",
      "instances": [
        {
          "schema_version": 0,
          "attributes": {
            "id": "/subscriptions/71815b3c-ac05-4504-8f3f-6d7f27ce722f/resourceGroups/az-loadbalancer/providers/Microsoft.Compute/availabilitySets/aas01",
            "location": "eastus",
            "managed": true,
            "name": "aas01",
            "platform_fault_domain_count": 3,
            "platform_update_domain_count": 5,
            "proximity_placement_group_id": null,
            "resource_group_name": "az-loadbalancer",
            "tags": null,
            "timeouts": null
          },
          "sensitive_attributes": [],
          "private": "eyJlMmJmYjczMC1lY2FhLTExZTYtOGY4OC0zNDM2M2JjN2M0YzAiOnsiY3JlYXRlIjoxODAwMDAwMDAwMDAwLCJkZWxldGUiOjE4MDAwMDAwMDAwMDAsInJlYWQiOjMwMDAwMDAwMDAwMCwidXBkYXRlIjoxODAwMDAwMDAwMDAwfX0=",
          "dependencies": [
            "azurerm_resource_group.main"
          ]
        }
      ]
    },
    {
      "mode": "managed",
      "type": "azurerm_lb",
      "name": "az_lb",
      "provider": "provider[\"registry.terraform.io/hashicorp/azurerm\"]",
      "instances": [
        {
          "schema_version": 0,
          "attributes": {
            "edge_zone": "",
            "frontend_ip_configuration": [
              {
                "gateway_load_balancer_frontend_ip_configuration_id": "",
                "id": "/subscriptions/71815b3c-ac05-4504-8f3f-6d7f27ce722f/resourceGroups/az-loadbalancer/providers/Microsoft.Network/loadBalancers/az_lb_01/frontendIPConfigurations/az_nic_configuration",
                "inbound_nat_rules": [],
                "load_balancer_rules": [],
                "name": "az_nic_configuration",
                "outbound_rules": [],
                "private_ip_address": "",
                "private_ip_address_allocation": "Dynamic",
                "private_ip_address_version": "",
                "public_ip_address_id": "/subscriptions/71815b3c-ac05-4504-8f3f-6d7f27ce722f/resourceGroups/az-loadbalancer/providers/Microsoft.Network/publicIPAddresses/public-ip3",
                "public_ip_prefix_id": "",
                "subnet_id": "",
                "zones": null
              }
            ],
            "id": "/subscriptions/71815b3c-ac05-4504-8f3f-6d7f27ce722f/resourceGroups/az-loadbalancer/providers/Microsoft.Network/loadBalancers/az_lb_01",
            "location": "eastus",
            "name": "az_lb_01",
            "private_ip_address": "",
            "private_ip_addresses": [],
            "resource_group_name": "az-loadbalancer",
            "sku": "Basic",
            "sku_tier": "Regional",
            "tags": null,
            "timeouts": null
          },
          "sensitive_attributes": [],
          "private": "eyJlMmJmYjczMC1lY2FhLTExZTYtOGY4OC0zNDM2M2JjN2M0YzAiOnsiY3JlYXRlIjoxODAwMDAwMDAwMDAwLCJkZWxldGUiOjE4MDAwMDAwMDAwMDAsInJlYWQiOjMwMDAwMDAwMDAwMCwidXBkYXRlIjoxODAwMDAwMDAwMDAwfX0=",
          "dependencies": [
            "azurerm_public_ip.az_public_ip",
            "azurerm_resource_group.main"
          ]
        }
      ]
    },
    {
      "mode": "managed",
      "type": "azurerm_lb_backend_address_pool",
      "name": "az_backend",
      "provider": "provider[\"registry.terraform.io/hashicorp/azurerm\"]",
      "instances": [
        {
          "schema_version": 0,
          "attributes": {
            "backend_ip_configurations": [],
            "id": "/subscriptions/71815b3c-ac05-4504-8f3f-6d7f27ce722f/resourceGroups/az-loadbalancer/providers/Microsoft.Network/loadBalancers/az_lb_01/backendAddressPools/az_backend_01",
            "load_balancing_rules": [],
            "loadbalancer_id": "/subscriptions/71815b3c-ac05-4504-8f3f-6d7f27ce722f/resourceGroups/az-loadbalancer/providers/Microsoft.Network/loadBalancers/az_lb_01",
            "name": "az_backend_01",
            "outbound_rules": [],
            "timeouts": null,
            "tunnel_interface": []
          },
          "sensitive_attributes": [],
          "private": "eyJlMmJmYjczMC1lY2FhLTExZTYtOGY4OC0zNDM2M2JjN2M0YzAiOnsiY3JlYXRlIjoxODAwMDAwMDAwMDAwLCJkZWxldGUiOjE4MDAwMDAwMDAwMDAsInJlYWQiOjMwMDAwMDAwMDAwMCwidXBkYXRlIjoxODAwMDAwMDAwMDAwfX0=",
          "dependencies": [
            "azurerm_lb.az_lb",
            "azurerm_public_ip.az_public_ip",
            "azurerm_resource_group.main"
          ]
        }
      ]
    },
    {
      "mode": "managed",
      "type": "azurerm_lb_probe",
      "name": "az_probe",
      "provider": "provider[\"registry.terraform.io/hashicorp/azurerm\"]",
      "instances": [
        {
          "schema_version": 0,
          "attributes": {
            "id": "/subscriptions/71815b3c-ac05-4504-8f3f-6d7f27ce722f/resourceGroups/az-loadbalancer/providers/Microsoft.Network/loadBalancers/az_lb_01/probes/az_probe_01",
            "interval_in_seconds": 15,
            "load_balancer_rules": [],
            "loadbalancer_id": "/subscriptions/71815b3c-ac05-4504-8f3f-6d7f27ce722f/resourceGroups/az-loadbalancer/providers/Microsoft.Network/loadBalancers/az_lb_01",
            "name": "az_probe_01",
            "number_of_probes": 2,
            "port": 80,
            "protocol": "Tcp",
            "request_path": "",
            "timeouts": null
          },
          "sensitive_attributes": [],
          "private": "eyJlMmJmYjczMC1lY2FhLTExZTYtOGY4OC0zNDM2M2JjN2M0YzAiOnsiY3JlYXRlIjoxODAwMDAwMDAwMDAwLCJkZWxldGUiOjE4MDAwMDAwMDAwMDAsInJlYWQiOjMwMDAwMDAwMDAwMCwidXBkYXRlIjoxODAwMDAwMDAwMDAwfX0=",
          "dependencies": [
            "azurerm_lb.az_lb",
            "azurerm_public_ip.az_public_ip",
            "azurerm_resource_group.main"
          ]
        }
      ]
    },
    {
      "mode": "managed",
      "type": "azurerm_lb_rule",
      "name": "az_lb_rule",
      "provider": "provider[\"registry.terraform.io/hashicorp/azurerm\"]",
      "instances": [
        {
          "schema_version": 0,
          "attributes": {
            "backend_address_pool_ids": [
              "/subscriptions/71815b3c-ac05-4504-8f3f-6d7f27ce722f/resourceGroups/az-loadbalancer/providers/Microsoft.Network/loadBalancers/az_lb_01/backendAddressPools/az_backend_01"
            ],
            "backend_port": 80,
            "disable_outbound_snat": false,
            "enable_floating_ip": false,
            "enable_tcp_reset": false,
            "frontend_ip_configuration_id": "/subscriptions/71815b3c-ac05-4504-8f3f-6d7f27ce722f/resourceGroups/az-loadbalancer/providers/Microsoft.Network/loadBalancers/az_lb_01/frontendIPConfigurations/az_nic_configuration",
            "frontend_ip_configuration_name": "az_nic_configuration",
            "frontend_port": 80,
            "id": "/subscriptions/71815b3c-ac05-4504-8f3f-6d7f27ce722f/resourceGroups/az-loadbalancer/providers/Microsoft.Network/loadBalancers/az_lb_01/loadBalancingRules/az_rule",
            "idle_timeout_in_minutes": 4,
            "load_distribution": "Default",
            "loadbalancer_id": "/subscriptions/71815b3c-ac05-4504-8f3f-6d7f27ce722f/resourceGroups/az-loadbalancer/providers/Microsoft.Network/loadBalancers/az_lb_01",
            "name": "az_rule",
            "probe_id": "/subscriptions/71815b3c-ac05-4504-8f3f-6d7f27ce722f/resourceGroups/az-loadbalancer/providers/Microsoft.Network/loadBalancers/az_lb_01/probes/az_probe_01",
            "protocol": "Tcp",
            "timeouts": null
          },
          "sensitive_attributes": [],
          "private": "eyJlMmJmYjczMC1lY2FhLTExZTYtOGY4OC0zNDM2M2JjN2M0YzAiOnsiY3JlYXRlIjoxODAwMDAwMDAwMDAwLCJkZWxldGUiOjE4MDAwMDAwMDAwMDAsInJlYWQiOjMwMDAwMDAwMDAwMCwidXBkYXRlIjoxODAwMDAwMDAwMDAwfX0=",
          "dependencies": [
            "azurerm_lb.az_lb",
            "azurerm_lb_backend_address_pool.az_backend",
            "azurerm_lb_probe.az_probe",
            "azurerm_public_ip.az_public_ip",
            "azurerm_resource_group.main"
          ]
        }
      ]
    },
    {
      "mode": "managed",
      "type": "azurerm_network_interface",
      "name": "az_nic",
      "provider": "provider[\"registry.terraform.io/hashicorp/azurerm\"]",
      "instances": [
        {
          "index_key": 0,
          "schema_version": 0,
          "attributes": {
            "applied_dns_servers": [],
            "dns_servers": [],
            "edge_zone": "",
            "enable_accelerated_networking": false,
            "enable_ip_forwarding": false,
            "id": "/subscriptions/71815b3c-ac05-4504-8f3f-6d7f27ce722f/resourceGroups/az-loadbalancer/providers/Microsoft.Network/networkInterfaces/az_net0",
            "internal_dns_name_label": "",
            "internal_domain_name_suffix": "40w0aiug25xulmueiadz1togvc.bx.internal.cloudapp.net",
            "ip_configuration": [
              {
                "gateway_load_balancer_frontend_ip_configuration_id": "",
                "name": "az_nic",
                "primary": true,
                "private_ip_address": "10.0.1.5",
                "private_ip_address_allocation": "Dynamic",
                "private_ip_address_version": "IPv4",
                "public_ip_address_id": "/subscriptions/71815b3c-ac05-4504-8f3f-6d7f27ce722f/resourceGroups/az-loadbalancer/providers/Microsoft.Network/publicIPAddresses/public-ip0",
                "subnet_id": "/subscriptions/71815b3c-ac05-4504-8f3f-6d7f27ce722f/resourceGroups/az-loadbalancer/providers/Microsoft.Network/virtualNetworks/azvnet/subnets/azsubnet"
              }
            ],
            "location": "eastus",
            "mac_address": "",
            "name": "az_net0",
            "private_ip_address": "10.0.1.5",
            "private_ip_addresses": [
              "10.0.1.5"
            ],
            "resource_group_name": "az-loadbalancer",
            "tags": null,
            "timeouts": null,
            "virtual_machine_id": ""
          },
          "sensitive_attributes": [],
          "private": "eyJlMmJmYjczMC1lY2FhLTExZTYtOGY4OC0zNDM2M2JjN2M0YzAiOnsiY3JlYXRlIjoxODAwMDAwMDAwMDAwLCJkZWxldGUiOjE4MDAwMDAwMDAwMDAsInJlYWQiOjMwMDAwMDAwMDAwMCwidXBkYXRlIjoxODAwMDAwMDAwMDAwfX0=",
          "dependencies": [
            "azurerm_public_ip.az_public_ip",
            "azurerm_resource_group.main",
            "azurerm_subnet.az_subnet",
            "azurerm_virtual_network.az_vnet"
          ]
        },
        {
          "index_key": 1,
          "schema_version": 0,
          "attributes": {
            "applied_dns_servers": [],
            "dns_servers": [],
            "edge_zone": "",
            "enable_accelerated_networking": false,
            "enable_ip_forwarding": false,
            "id": "/subscriptions/71815b3c-ac05-4504-8f3f-6d7f27ce722f/resourceGroups/az-loadbalancer/providers/Microsoft.Network/networkInterfaces/az_net1",
            "internal_dns_name_label": "",
            "internal_domain_name_suffix": "40w0aiug25xulmueiadz1togvc.bx.internal.cloudapp.net",
            "ip_configuration": [
              {
                "gateway_load_balancer_frontend_ip_configuration_id": "",
                "name": "az_nic",
                "primary": true,
                "private_ip_address": "10.0.1.4",
                "private_ip_address_allocation": "Dynamic",
                "private_ip_address_version": "IPv4",
                "public_ip_address_id": "/subscriptions/71815b3c-ac05-4504-8f3f-6d7f27ce722f/resourceGroups/az-loadbalancer/providers/Microsoft.Network/publicIPAddresses/public-ip1",
                "subnet_id": "/subscriptions/71815b3c-ac05-4504-8f3f-6d7f27ce722f/resourceGroups/az-loadbalancer/providers/Microsoft.Network/virtualNetworks/azvnet/subnets/azsubnet"
              }
            ],
            "location": "eastus",
            "mac_address": "",
            "name": "az_net1",
            "private_ip_address": "10.0.1.4",
            "private_ip_addresses": [
              "10.0.1.4"
            ],
            "resource_group_name": "az-loadbalancer",
            "tags": null,
            "timeouts": null,
            "virtual_machine_id": ""
          },
          "sensitive_attributes": [],
          "private": "eyJlMmJmYjczMC1lY2FhLTExZTYtOGY4OC0zNDM2M2JjN2M0YzAiOnsiY3JlYXRlIjoxODAwMDAwMDAwMDAwLCJkZWxldGUiOjE4MDAwMDAwMDAwMDAsInJlYWQiOjMwMDAwMDAwMDAwMCwidXBkYXRlIjoxODAwMDAwMDAwMDAwfX0=",
          "dependencies": [
            "azurerm_public_ip.az_public_ip",
            "azurerm_resource_group.main",
            "azurerm_subnet.az_subnet",
            "azurerm_virtual_network.az_vnet"
          ]
        },
        {
          "index_key": 2,
          "schema_version": 0,
          "attributes": {
            "applied_dns_servers": [],
            "dns_servers": [],
            "edge_zone": "",
            "enable_accelerated_networking": false,
            "enable_ip_forwarding": false,
            "id": "/subscriptions/71815b3c-ac05-4504-8f3f-6d7f27ce722f/resourceGroups/az-loadbalancer/providers/Microsoft.Network/networkInterfaces/az_net2",
            "internal_dns_name_label": "",
            "internal_domain_name_suffix": "40w0aiug25xulmueiadz1togvc.bx.internal.cloudapp.net",
            "ip_configuration": [
              {
                "gateway_load_balancer_frontend_ip_configuration_id": "",
                "name": "az_nic",
                "primary": true,
                "private_ip_address": "10.0.1.6",
                "private_ip_address_allocation": "Dynamic",
                "private_ip_address_version": "IPv4",
                "public_ip_address_id": "/subscriptions/71815b3c-ac05-4504-8f3f-6d7f27ce722f/resourceGroups/az-loadbalancer/providers/Microsoft.Network/publicIPAddresses/public-ip2",
                "subnet_id": "/subscriptions/71815b3c-ac05-4504-8f3f-6d7f27ce722f/resourceGroups/az-loadbalancer/providers/Microsoft.Network/virtualNetworks/azvnet/subnets/azsubnet"
              }
            ],
            "location": "eastus",
            "mac_address": "",
            "name": "az_net2",
            "private_ip_address": "10.0.1.6",
            "private_ip_addresses": [
              "10.0.1.6"
            ],
            "resource_group_name": "az-loadbalancer",
            "tags": null,
            "timeouts": null,
            "virtual_machine_id": ""
          },
          "sensitive_attributes": [],
          "private": "eyJlMmJmYjczMC1lY2FhLTExZTYtOGY4OC0zNDM2M2JjN2M0YzAiOnsiY3JlYXRlIjoxODAwMDAwMDAwMDAwLCJkZWxldGUiOjE4MDAwMDAwMDAwMDAsInJlYWQiOjMwMDAwMDAwMDAwMCwidXBkYXRlIjoxODAwMDAwMDAwMDAwfX0=",
          "dependencies": [
            "azurerm_public_ip.az_public_ip",
            "azurerm_resource_group.main",
            "azurerm_subnet.az_subnet",
            "azurerm_virtual_network.az_vnet"
          ]
        }
      ]
    },
    {
      "mode": "managed",
      "type": "azurerm_network_interface_security_group_association",
      "name": "az_nsg_security",
      "provider": "provider[\"registry.terraform.io/hashicorp/azurerm\"]",
      "instances": [
        {
          "index_key": 0,
          "schema_version": 0,
          "attributes": {
            "id": "/subscriptions/71815b3c-ac05-4504-8f3f-6d7f27ce722f/resourceGroups/az-loadbalancer/providers/Microsoft.Network/networkInterfaces/az_net0|/subscriptions/71815b3c-ac05-4504-8f3f-6d7f27ce722f/resourceGroups/az-loadbalancer/providers/Microsoft.Network/networkSecurityGroups/az_net_grp",
            "network_interface_id": "/subscriptions/71815b3c-ac05-4504-8f3f-6d7f27ce722f/resourceGroups/az-loadbalancer/providers/Microsoft.Network/networkInterfaces/az_net0",
            "network_security_group_id": "/subscriptions/71815b3c-ac05-4504-8f3f-6d7f27ce722f/resourceGroups/az-loadbalancer/providers/Microsoft.Network/networkSecurityGroups/az_net_grp",
            "timeouts": null
          },
          "sensitive_attributes": [],
          "private": "eyJlMmJmYjczMC1lY2FhLTExZTYtOGY4OC0zNDM2M2JjN2M0YzAiOnsiY3JlYXRlIjoxODAwMDAwMDAwMDAwLCJkZWxldGUiOjE4MDAwMDAwMDAwMDAsInJlYWQiOjMwMDAwMDAwMDAwMCwidXBkYXRlIjoxODAwMDAwMDAwMDAwfX0=",
          "dependencies": [
            "azurerm_network_interface.az_nic",
            "azurerm_network_security_group.az_nsg",
            "azurerm_public_ip.az_public_ip",
            "azurerm_resource_group.main",
            "azurerm_subnet.az_subnet",
            "azurerm_virtual_network.az_vnet"
          ]
        },
        {
          "index_key": 1,
          "schema_version": 0,
          "attributes": {
            "id": "/subscriptions/71815b3c-ac05-4504-8f3f-6d7f27ce722f/resourceGroups/az-loadbalancer/providers/Microsoft.Network/networkInterfaces/az_net1|/subscriptions/71815b3c-ac05-4504-8f3f-6d7f27ce722f/resourceGroups/az-loadbalancer/providers/Microsoft.Network/networkSecurityGroups/az_net_grp",
            "network_interface_id": "/subscriptions/71815b3c-ac05-4504-8f3f-6d7f27ce722f/resourceGroups/az-loadbalancer/providers/Microsoft.Network/networkInterfaces/az_net1",
            "network_security_group_id": "/subscriptions/71815b3c-ac05-4504-8f3f-6d7f27ce722f/resourceGroups/az-loadbalancer/providers/Microsoft.Network/networkSecurityGroups/az_net_grp",
            "timeouts": null
          },
          "sensitive_attributes": [],
          "private": "eyJlMmJmYjczMC1lY2FhLTExZTYtOGY4OC0zNDM2M2JjN2M0YzAiOnsiY3JlYXRlIjoxODAwMDAwMDAwMDAwLCJkZWxldGUiOjE4MDAwMDAwMDAwMDAsInJlYWQiOjMwMDAwMDAwMDAwMCwidXBkYXRlIjoxODAwMDAwMDAwMDAwfX0=",
          "dependencies": [
            "azurerm_network_interface.az_nic",
            "azurerm_network_security_group.az_nsg",
            "azurerm_public_ip.az_public_ip",
            "azurerm_resource_group.main",
            "azurerm_subnet.az_subnet",
            "azurerm_virtual_network.az_vnet"
          ]
        },
        {
          "index_key": 2,
          "schema_version": 0,
          "attributes": {
            "id": "/subscriptions/71815b3c-ac05-4504-8f3f-6d7f27ce722f/resourceGroups/az-loadbalancer/providers/Microsoft.Network/networkInterfaces/az_net2|/subscriptions/71815b3c-ac05-4504-8f3f-6d7f27ce722f/resourceGroups/az-loadbalancer/providers/Microsoft.Network/networkSecurityGroups/az_net_grp",
            "network_interface_id": "/subscriptions/71815b3c-ac05-4504-8f3f-6d7f27ce722f/resourceGroups/az-loadbalancer/providers/Microsoft.Network/networkInterfaces/az_net2",
            "network_security_group_id": "/subscriptions/71815b3c-ac05-4504-8f3f-6d7f27ce722f/resourceGroups/az-loadbalancer/providers/Microsoft.Network/networkSecurityGroups/az_net_grp",
            "timeouts": null
          },
          "sensitive_attributes": [],
          "private": "eyJlMmJmYjczMC1lY2FhLTExZTYtOGY4OC0zNDM2M2JjN2M0YzAiOnsiY3JlYXRlIjoxODAwMDAwMDAwMDAwLCJkZWxldGUiOjE4MDAwMDAwMDAwMDAsInJlYWQiOjMwMDAwMDAwMDAwMCwidXBkYXRlIjoxODAwMDAwMDAwMDAwfX0=",
          "dependencies": [
            "azurerm_network_interface.az_nic",
            "azurerm_network_security_group.az_nsg",
            "azurerm_public_ip.az_public_ip",
            "azurerm_resource_group.main",
            "azurerm_subnet.az_subnet",
            "azurerm_virtual_network.az_vnet"
          ]
        }
      ]
    },
    {
      "mode": "managed",
      "type": "azurerm_network_security_group",
      "name": "az_nsg",
      "provider": "provider[\"registry.terraform.io/hashicorp/azurerm\"]",
      "instances": [
        {
          "schema_version": 0,
          "attributes": {
            "id": "/subscriptions/71815b3c-ac05-4504-8f3f-6d7f27ce722f/resourceGroups/az-loadbalancer/providers/Microsoft.Network/networkSecurityGroups/az_net_grp",
            "location": "eastus",
            "name": "az_net_grp",
            "resource_group_name": "az-loadbalancer",
            "security_rule": [
              {
                "access": "Allow",
                "description": "",
                "destination_address_prefix": "*",
                "destination_address_prefixes": [],
                "destination_application_security_group_ids": [],
                "destination_port_range": "3389",
                "destination_port_ranges": [],
                "direction": "Inbound",
                "name": "RDP",
                "priority": 1000,
                "protocol": "*",
                "source_address_prefix": "*",
                "source_address_prefixes": [],
                "source_application_security_group_ids": [],
                "source_port_range": "*",
                "source_port_ranges": []
              },
              {
                "access": "Allow",
                "description": "",
                "destination_address_prefix": "*",
                "destination_address_prefixes": [],
                "destination_application_security_group_ids": [],
                "destination_port_range": "80",
                "destination_port_ranges": [],
                "direction": "Inbound",
                "name": "web",
                "priority": 1001,
                "protocol": "Tcp",
                "source_address_prefix": "*",
                "source_address_prefixes": [],
                "source_application_security_group_ids": [],
                "source_port_range": "*",
                "source_port_ranges": []
              }
            ],
            "tags": null,
            "timeouts": null
          },
          "sensitive_attributes": [],
          "private": "eyJlMmJmYjczMC1lY2FhLTExZTYtOGY4OC0zNDM2M2JjN2M0YzAiOnsiY3JlYXRlIjoxODAwMDAwMDAwMDAwLCJkZWxldGUiOjE4MDAwMDAwMDAwMDAsInJlYWQiOjMwMDAwMDAwMDAwMCwidXBkYXRlIjoxODAwMDAwMDAwMDAwfX0=",
          "dependencies": [
            "azurerm_resource_group.main"
          ]
        }
      ]
    },
    {
      "mode": "managed",
      "type": "azurerm_public_ip",
      "name": "az_public_ip",
      "provider": "provider[\"registry.terraform.io/hashicorp/azurerm\"]",
      "instances": [
        {
          "index_key": 0,
          "schema_version": 0,
          "attributes": {
            "allocation_method": "Dynamic",
            "domain_name_label": null,
            "edge_zone": "",
            "fqdn": null,
            "id": "/subscriptions/71815b3c-ac05-4504-8f3f-6d7f27ce722f/resourceGroups/az-loadbalancer/providers/Microsoft.Network/publicIPAddresses/public-ip0",
            "idle_timeout_in_minutes": 4,
            "ip_address": "",
            "ip_tags": null,
            "ip_version": "IPv4",
            "location": "eastus",
            "name": "public-ip0",
            "public_ip_prefix_id": null,
            "resource_group_name": "az-loadbalancer",
            "reverse_fqdn": null,
            "sku": "Basic",
            "sku_tier": "Regional",
            "tags": null,
            "timeouts": null,
            "zones": null
          },
          "sensitive_attributes": [],
          "private": "eyJlMmJmYjczMC1lY2FhLTExZTYtOGY4OC0zNDM2M2JjN2M0YzAiOnsiY3JlYXRlIjoxODAwMDAwMDAwMDAwLCJkZWxldGUiOjE4MDAwMDAwMDAwMDAsInJlYWQiOjMwMDAwMDAwMDAwMCwidXBkYXRlIjoxODAwMDAwMDAwMDAwfX0=",
          "dependencies": [
            "azurerm_resource_group.main"
          ]
        },
        {
          "index_key": 1,
          "schema_version": 0,
          "attributes": {
            "allocation_method": "Dynamic",
            "domain_name_label": null,
            "edge_zone": "",
            "fqdn": null,
            "id": "/subscriptions/71815b3c-ac05-4504-8f3f-6d7f27ce722f/resourceGroups/az-loadbalancer/providers/Microsoft.Network/publicIPAddresses/public-ip1",
            "idle_timeout_in_minutes": 4,
            "ip_address": "",
            "ip_tags": null,
            "ip_version": "IPv4",
            "location": "eastus",
            "name": "public-ip1",
            "public_ip_prefix_id": null,
            "resource_group_name": "az-loadbalancer",
            "reverse_fqdn": null,
            "sku": "Basic",
            "sku_tier": "Regional",
            "tags": null,
            "timeouts": null,
            "zones": null
          },
          "sensitive_attributes": [],
          "private": "eyJlMmJmYjczMC1lY2FhLTExZTYtOGY4OC0zNDM2M2JjN2M0YzAiOnsiY3JlYXRlIjoxODAwMDAwMDAwMDAwLCJkZWxldGUiOjE4MDAwMDAwMDAwMDAsInJlYWQiOjMwMDAwMDAwMDAwMCwidXBkYXRlIjoxODAwMDAwMDAwMDAwfX0=",
          "dependencies": [
            "azurerm_resource_group.main"
          ]
        },
        {
          "index_key": 2,
          "schema_version": 0,
          "attributes": {
            "allocation_method": "Dynamic",
            "domain_name_label": null,
            "edge_zone": "",
            "fqdn": null,
            "id": "/subscriptions/71815b3c-ac05-4504-8f3f-6d7f27ce722f/resourceGroups/az-loadbalancer/providers/Microsoft.Network/publicIPAddresses/public-ip2",
            "idle_timeout_in_minutes": 4,
            "ip_address": "",
            "ip_tags": null,
            "ip_version": "IPv4",
            "location": "eastus",
            "name": "public-ip2",
            "public_ip_prefix_id": null,
            "resource_group_name": "az-loadbalancer",
            "reverse_fqdn": null,
            "sku": "Basic",
            "sku_tier": "Regional",
            "tags": null,
            "timeouts": null,
            "zones": null
          },
          "sensitive_attributes": [],
          "private": "eyJlMmJmYjczMC1lY2FhLTExZTYtOGY4OC0zNDM2M2JjN2M0YzAiOnsiY3JlYXRlIjoxODAwMDAwMDAwMDAwLCJkZWxldGUiOjE4MDAwMDAwMDAwMDAsInJlYWQiOjMwMDAwMDAwMDAwMCwidXBkYXRlIjoxODAwMDAwMDAwMDAwfX0=",
          "dependencies": [
            "azurerm_resource_group.main"
          ]
        },
        {
          "index_key": 3,
          "schema_version": 0,
          "attributes": {
            "allocation_method": "Dynamic",
            "domain_name_label": null,
            "edge_zone": "",
            "fqdn": null,
            "id": "/subscriptions/71815b3c-ac05-4504-8f3f-6d7f27ce722f/resourceGroups/az-loadbalancer/providers/Microsoft.Network/publicIPAddresses/public-ip3",
            "idle_timeout_in_minutes": 4,
            "ip_address": "",
            "ip_tags": null,
            "ip_version": "IPv4",
            "location": "eastus",
            "name": "public-ip3",
            "public_ip_prefix_id": null,
            "resource_group_name": "az-loadbalancer",
            "reverse_fqdn": null,
            "sku": "Basic",
            "sku_tier": "Regional",
            "tags": null,
            "timeouts": null,
            "zones": null
          },
          "sensitive_attributes": [],
          "private": "eyJlMmJmYjczMC1lY2FhLTExZTYtOGY4OC0zNDM2M2JjN2M0YzAiOnsiY3JlYXRlIjoxODAwMDAwMDAwMDAwLCJkZWxldGUiOjE4MDAwMDAwMDAwMDAsInJlYWQiOjMwMDAwMDAwMDAwMCwidXBkYXRlIjoxODAwMDAwMDAwMDAwfX0=",
          "dependencies": [
            "azurerm_resource_group.main"
          ]
        }
      ]
    },
    {
      "mode": "managed",
      "type": "azurerm_resource_group",
      "name": "main",
      "provider": "provider[\"registry.terraform.io/hashicorp/azurerm\"]",
      "instances": [
        {
          "schema_version": 0,
          "attributes": {
            "id": "/subscriptions/71815b3c-ac05-4504-8f3f-6d7f27ce722f/resourceGroups/az-loadbalancer",
            "location": "eastus",
            "name": "az-loadbalancer",
            "tags": null,
            "timeouts": null
          },
          "sensitive_attributes": [],
          "private": "eyJlMmJmYjczMC1lY2FhLTExZTYtOGY4OC0zNDM2M2JjN2M0YzAiOnsiY3JlYXRlIjo1NDAwMDAwMDAwMDAwLCJkZWxldGUiOjU0MDAwMDAwMDAwMDAsInJlYWQiOjMwMDAwMDAwMDAwMCwidXBkYXRlIjo1NDAwMDAwMDAwMDAwfX0="
        }
      ]
    },
    {
      "mode": "managed",
      "type": "azurerm_storage_account",
      "name": "az_storage_account",
      "provider": "provider[\"registry.terraform.io/hashicorp/azurerm\"]",
      "instances": [
        {
          "schema_version": 3,
          "attributes": {
            "access_tier": "Hot",
            "account_kind": "StorageV2",
            "account_replication_type": "LRS",
            "account_tier": "Standard",
            "allow_nested_items_to_be_public": true,
            "azure_files_authentication": [],
            "blob_properties": [
              {
                "change_feed_enabled": false,
                "container_delete_retention_policy": [],
                "cors_rule": [],
                "default_service_version": "",
                "delete_retention_policy": [],
                "last_access_time_enabled": false,
                "versioning_enabled": false
              }
            ],
            "custom_domain": [],
            "customer_managed_key": [],
            "edge_zone": "",
            "enable_https_traffic_only": true,
            "id": "/subscriptions/71815b3c-ac05-4504-8f3f-6d7f27ce722f/resourceGroups/az-loadbalancer/providers/Microsoft.Storage/storageAccounts/azstacc237f934252b8f7e8",
            "identity": [],
            "infrastructure_encryption_enabled": false,
            "is_hns_enabled": false,
            "large_file_share_enabled": null,
            "location": "eastus",
            "min_tls_version": "TLS1_2",
            "name": "azstacc237f934252b8f7e8",
            "network_rules": [
              {
                "bypass": [
                  "AzureServices"
                ],
                "default_action": "Allow",
                "ip_rules": [],
                "private_link_access": [],
                "virtual_network_subnet_ids": []
              }
            ],
            "nfsv3_enabled": false,
            "primary_access_key": "l2a5oWjfPfuUbzYnYKXrRrBXBqKxS/s3kefeWLw2sporNKyVZX5iyTRcWc15qiqbtSryYHeZFfY++AStYYoh2w==",
            "primary_blob_connection_string": "DefaultEndpointsProtocol=https;BlobEndpoint=https://azstacc237f934252b8f7e8.blob.core.windows.net/;AccountName=azstacc237f934252b8f7e8;AccountKey=l2a5oWjfPfuUbzYnYKXrRrBXBqKxS/s3kefeWLw2sporNKyVZX5iyTRcWc15qiqbtSryYHeZFfY++AStYYoh2w==",
            "primary_blob_endpoint": "https://azstacc237f934252b8f7e8.blob.core.windows.net/",
            "primary_blob_host": "azstacc237f934252b8f7e8.blob.core.windows.net",
            "primary_connection_string": "DefaultEndpointsProtocol=https;AccountName=azstacc237f934252b8f7e8;AccountKey=l2a5oWjfPfuUbzYnYKXrRrBXBqKxS/s3kefeWLw2sporNKyVZX5iyTRcWc15qiqbtSryYHeZFfY++AStYYoh2w==;EndpointSuffix=core.windows.net",
            "primary_dfs_endpoint": "https://azstacc237f934252b8f7e8.dfs.core.windows.net/",
            "primary_dfs_host": "azstacc237f934252b8f7e8.dfs.core.windows.net",
            "primary_file_endpoint": "https://azstacc237f934252b8f7e8.file.core.windows.net/",
            "primary_file_host": "azstacc237f934252b8f7e8.file.core.windows.net",
            "primary_location": "eastus",
            "primary_queue_endpoint": "https://azstacc237f934252b8f7e8.queue.core.windows.net/",
            "primary_queue_host": "azstacc237f934252b8f7e8.queue.core.windows.net",
            "primary_table_endpoint": "https://azstacc237f934252b8f7e8.table.core.windows.net/",
            "primary_table_host": "azstacc237f934252b8f7e8.table.core.windows.net",
            "primary_web_endpoint": "https://azstacc237f934252b8f7e8.z13.web.core.windows.net/",
            "primary_web_host": "azstacc237f934252b8f7e8.z13.web.core.windows.net",
            "queue_encryption_key_type": "Service",
            "queue_properties": [
              {
                "cors_rule": [],
                "hour_metrics": [
                  {
                    "enabled": true,
                    "include_apis": true,
                    "retention_policy_days": 7,
                    "version": "1.0"
                  }
                ],
                "logging": [
                  {
                    "delete": false,
                    "read": false,
                    "retention_policy_days": 0,
                    "version": "1.0",
                    "write": false
                  }
                ],
                "minute_metrics": [
                  {
                    "enabled": false,
                    "include_apis": false,
                    "retention_policy_days": 0,
                    "version": "1.0"
                  }
                ]
              }
            ],
            "resource_group_name": "az-loadbalancer",
            "routing": [],
            "secondary_access_key": "hGWRa8H7Um9EIVZlT4uGV6h/Ya6Eodinokw0WIRTFCWVT7ZO/UrLj8IPYy/NvTaqxJTcM6FgP5yq+AStO5NHNg==",
            "secondary_blob_connection_string": "",
            "secondary_blob_endpoint": null,
            "secondary_blob_host": null,
            "secondary_connection_string": "DefaultEndpointsProtocol=https;AccountName=azstacc237f934252b8f7e8;AccountKey=hGWRa8H7Um9EIVZlT4uGV6h/Ya6Eodinokw0WIRTFCWVT7ZO/UrLj8IPYy/NvTaqxJTcM6FgP5yq+AStO5NHNg==;EndpointSuffix=core.windows.net",
            "secondary_dfs_endpoint": null,
            "secondary_dfs_host": null,
            "secondary_file_endpoint": null,
            "secondary_file_host": null,
            "secondary_location": "",
            "secondary_queue_endpoint": null,
            "secondary_queue_host": null,
            "secondary_table_endpoint": null,
            "secondary_table_host": null,
            "secondary_web_endpoint": null,
            "secondary_web_host": null,
            "share_properties": [
              {
                "cors_rule": [],
                "retention_policy": [
                  {
                    "days": 7
                  }
                ],
                "smb": []
              }
            ],
            "shared_access_key_enabled": true,
            "static_website": [],
            "table_encryption_key_type": "Service",
            "tags": null,
            "timeouts": null
          },
          "sensitive_attributes": [],
          "private": "eyJlMmJmYjczMC1lY2FhLTExZTYtOGY4OC0zNDM2M2JjN2M0YzAiOnsiY3JlYXRlIjozNjAwMDAwMDAwMDAwLCJkZWxldGUiOjM2MDAwMDAwMDAwMDAsInJlYWQiOjMwMDAwMDAwMDAwMCwidXBkYXRlIjozNjAwMDAwMDAwMDAwfSwic2NoZW1hX3ZlcnNpb24iOiIzIn0=",
          "dependencies": [
            "azurerm_resource_group.main",
            "random_id.random_id"
          ]
        }
      ]
    },
    {
      "mode": "managed",
      "type": "azurerm_subnet",
      "name": "az_subnet",
      "provider": "provider[\"registry.terraform.io/hashicorp/azurerm\"]",
      "instances": [
        {
          "schema_version": 0,
          "attributes": {
            "address_prefixes": [
              "10.0.1.0/24"
            ],
            "delegation": [],
            "enforce_private_link_endpoint_network_policies": false,
            "enforce_private_link_service_network_policies": false,
            "id": "/subscriptions/71815b3c-ac05-4504-8f3f-6d7f27ce722f/resourceGroups/az-loadbalancer/providers/Microsoft.Network/virtualNetworks/azvnet/subnets/azsubnet",
            "name": "azsubnet",
            "resource_group_name": "az-loadbalancer",
            "service_endpoint_policy_ids": null,
            "service_endpoints": null,
            "timeouts": null,
            "virtual_network_name": "azvnet"
          },
          "sensitive_attributes": [],
          "private": "eyJlMmJmYjczMC1lY2FhLTExZTYtOGY4OC0zNDM2M2JjN2M0YzAiOnsiY3JlYXRlIjoxODAwMDAwMDAwMDAwLCJkZWxldGUiOjE4MDAwMDAwMDAwMDAsInJlYWQiOjMwMDAwMDAwMDAwMCwidXBkYXRlIjoxODAwMDAwMDAwMDAwfX0=",
          "dependencies": [
            "azurerm_resource_group.main",
            "azurerm_virtual_network.az_vnet"
          ]
        }
      ]
    },
    {
      "mode": "managed",
      "type": "azurerm_virtual_machine_extension",
      "name": "web_server_install",
      "provider": "provider[\"registry.terraform.io/hashicorp/azurerm\"]",
      "instances": [
        {
          "index_key": 0,
          "schema_version": 0,
          "attributes": {
            "auto_upgrade_minor_version": true,
            "automatic_upgrade_enabled": false,
            "id": "/subscriptions/71815b3c-ac05-4504-8f3f-6d7f27ce722f/resourceGroups/az-loadbalancer/providers/Microsoft.Compute/virtualMachines/vm00/extensions/texiio-0",
            "name": "texiio-0",
            "protected_settings": null,
            "publisher": "Microsoft.Compute",
            "settings": "{\"commandToExecute\":\"powershell -ExecutionPolicy Unrestricted Install-WindowsFeature -Name Web-Server -IncludeAllSubFeature -IncludeManagementTools\"}",
            "tags": null,
            "timeouts": null,
            "type": "CustomScriptExtension",
            "type_handler_version": "1.8",
            "virtual_machine_id": "/subscriptions/71815b3c-ac05-4504-8f3f-6d7f27ce722f/resourceGroups/az-loadbalancer/providers/Microsoft.Compute/virtualMachines/vm00"
          },
          "sensitive_attributes": [],
          "private": "eyJlMmJmYjczMC1lY2FhLTExZTYtOGY4OC0zNDM2M2JjN2M0YzAiOnsiY3JlYXRlIjoxODAwMDAwMDAwMDAwLCJkZWxldGUiOjE4MDAwMDAwMDAwMDAsInJlYWQiOjMwMDAwMDAwMDAwMCwidXBkYXRlIjoxODAwMDAwMDAwMDAwfX0=",
          "dependencies": [
            "azurerm_availability_set.availset",
            "azurerm_network_interface.az_nic",
            "azurerm_public_ip.az_public_ip",
            "azurerm_resource_group.main",
            "azurerm_storage_account.az_storage_account",
            "azurerm_subnet.az_subnet",
            "azurerm_virtual_network.az_vnet",
            "azurerm_windows_virtual_machine.az_virtual_machine",
            "random_id.random_id"
          ]
        },
        {
          "index_key": 1,
          "schema_version": 0,
          "attributes": {
            "auto_upgrade_minor_version": true,
            "automatic_upgrade_enabled": false,
            "id": "/subscriptions/71815b3c-ac05-4504-8f3f-6d7f27ce722f/resourceGroups/az-loadbalancer/providers/Microsoft.Compute/virtualMachines/vm01/extensions/texiio-1",
            "name": "texiio-1",
            "protected_settings": null,
            "publisher": "Microsoft.Compute",
            "settings": "{\"commandToExecute\":\"powershell -ExecutionPolicy Unrestricted Install-WindowsFeature -Name Web-Server -IncludeAllSubFeature -IncludeManagementTools\"}",
            "tags": null,
            "timeouts": null,
            "type": "CustomScriptExtension",
            "type_handler_version": "1.8",
            "virtual_machine_id": "/subscriptions/71815b3c-ac05-4504-8f3f-6d7f27ce722f/resourceGroups/az-loadbalancer/providers/Microsoft.Compute/virtualMachines/vm01"
          },
          "sensitive_attributes": [],
          "private": "eyJlMmJmYjczMC1lY2FhLTExZTYtOGY4OC0zNDM2M2JjN2M0YzAiOnsiY3JlYXRlIjoxODAwMDAwMDAwMDAwLCJkZWxldGUiOjE4MDAwMDAwMDAwMDAsInJlYWQiOjMwMDAwMDAwMDAwMCwidXBkYXRlIjoxODAwMDAwMDAwMDAwfX0=",
          "dependencies": [
            "azurerm_availability_set.availset",
            "azurerm_network_interface.az_nic",
            "azurerm_public_ip.az_public_ip",
            "azurerm_resource_group.main",
            "azurerm_storage_account.az_storage_account",
            "azurerm_subnet.az_subnet",
            "azurerm_virtual_network.az_vnet",
            "azurerm_windows_virtual_machine.az_virtual_machine",
            "random_id.random_id"
          ]
        },
        {
          "index_key": 2,
          "schema_version": 0,
          "attributes": {
            "auto_upgrade_minor_version": true,
            "automatic_upgrade_enabled": false,
            "id": "/subscriptions/71815b3c-ac05-4504-8f3f-6d7f27ce722f/resourceGroups/az-loadbalancer/providers/Microsoft.Compute/virtualMachines/vm02/extensions/texiio-2",
            "name": "texiio-2",
            "protected_settings": null,
            "publisher": "Microsoft.Compute",
            "settings": "{\"commandToExecute\":\"powershell -ExecutionPolicy Unrestricted Install-WindowsFeature -Name Web-Server -IncludeAllSubFeature -IncludeManagementTools\"}",
            "tags": null,
            "timeouts": null,
            "type": "CustomScriptExtension",
            "type_handler_version": "1.8",
            "virtual_machine_id": "/subscriptions/71815b3c-ac05-4504-8f3f-6d7f27ce722f/resourceGroups/az-loadbalancer/providers/Microsoft.Compute/virtualMachines/vm02"
          },
          "sensitive_attributes": [],
          "private": "eyJlMmJmYjczMC1lY2FhLTExZTYtOGY4OC0zNDM2M2JjN2M0YzAiOnsiY3JlYXRlIjoxODAwMDAwMDAwMDAwLCJkZWxldGUiOjE4MDAwMDAwMDAwMDAsInJlYWQiOjMwMDAwMDAwMDAwMCwidXBkYXRlIjoxODAwMDAwMDAwMDAwfX0=",
          "dependencies": [
            "azurerm_availability_set.availset",
            "azurerm_network_interface.az_nic",
            "azurerm_public_ip.az_public_ip",
            "azurerm_resource_group.main",
            "azurerm_storage_account.az_storage_account",
            "azurerm_subnet.az_subnet",
            "azurerm_virtual_network.az_vnet",
            "azurerm_windows_virtual_machine.az_virtual_machine",
            "random_id.random_id"
          ]
        }
      ]
    },
    {
      "mode": "managed",
      "type": "azurerm_virtual_network",
      "name": "az_vnet",
      "provider": "provider[\"registry.terraform.io/hashicorp/azurerm\"]",
      "instances": [
        {
          "schema_version": 0,
          "attributes": {
            "address_space": [
              "10.0.0.0/16"
            ],
            "bgp_community": "",
            "ddos_protection_plan": [],
            "dns_servers": [],
            "edge_zone": "",
            "flow_timeout_in_minutes": 0,
            "guid": "22a0adf6-e786-45ef-b284-40079dcdc6aa",
            "id": "/subscriptions/71815b3c-ac05-4504-8f3f-6d7f27ce722f/resourceGroups/az-loadbalancer/providers/Microsoft.Network/virtualNetworks/azvnet",
            "location": "eastus",
            "name": "azvnet",
            "resource_group_name": "az-loadbalancer",
            "subnet": [],
            "tags": null,
            "timeouts": null
          },
          "sensitive_attributes": [],
          "private": "eyJlMmJmYjczMC1lY2FhLTExZTYtOGY4OC0zNDM2M2JjN2M0YzAiOnsiY3JlYXRlIjoxODAwMDAwMDAwMDAwLCJkZWxldGUiOjE4MDAwMDAwMDAwMDAsInJlYWQiOjMwMDAwMDAwMDAwMCwidXBkYXRlIjoxODAwMDAwMDAwMDAwfX0=",
          "dependencies": [
            "azurerm_resource_group.main"
          ]
        }
      ]
    },
    {
      "mode": "managed",
      "type": "azurerm_windows_virtual_machine",
      "name": "az_virtual_machine",
      "provider": "provider[\"registry.terraform.io/hashicorp/azurerm\"]",
      "instances": [
        {
          "index_key": 0,
          "schema_version": 0,
          "attributes": {
            "additional_capabilities": [],
            "additional_unattend_content": [],
            "admin_password": "Sysadmin@123",
            "admin_username": "azureuser",
            "allow_extension_operations": true,
            "availability_set_id": "/subscriptions/71815b3c-ac05-4504-8f3f-6d7f27ce722f/resourceGroups/az-loadbalancer/providers/Microsoft.Compute/availabilitySets/AAS01",
            "boot_diagnostics": [
              {
                "storage_account_uri": "https://azstacc237f934252b8f7e8.blob.core.windows.net/"
              }
            ],
            "computer_name": "vm00",
            "custom_data": null,
            "dedicated_host_group_id": "",
            "dedicated_host_id": "",
            "edge_zone": "",
            "enable_automatic_updates": true,
            "encryption_at_host_enabled": false,
            "eviction_policy": "",
            "extensions_time_budget": "PT1H30M",
            "hotpatching_enabled": false,
            "id": "/subscriptions/71815b3c-ac05-4504-8f3f-6d7f27ce722f/resourceGroups/az-loadbalancer/providers/Microsoft.Compute/virtualMachines/vm00",
            "identity": [],
            "license_type": "",
            "location": "eastus",
            "max_bid_price": -1,
            "name": "vm00",
            "network_interface_ids": [
              "/subscriptions/71815b3c-ac05-4504-8f3f-6d7f27ce722f/resourceGroups/az-loadbalancer/providers/Microsoft.Network/networkInterfaces/az_net0"
            ],
            "os_disk": [
              {
                "caching": "ReadWrite",
                "diff_disk_settings": [],
                "disk_encryption_set_id": "",
                "disk_size_gb": 127,
                "name": "myOsDisk0",
                "storage_account_type": "Standard_LRS",
                "write_accelerator_enabled": false
              }
            ],
            "patch_mode": "AutomaticByOS",
            "plan": [],
            "platform_fault_domain": -1,
            "priority": "Regular",
            "private_ip_address": "10.0.1.5",
            "private_ip_addresses": [
              "10.0.1.5"
            ],
            "provision_vm_agent": true,
            "proximity_placement_group_id": "",
            "public_ip_address": "172.174.45.21",
            "public_ip_addresses": [
              "172.174.45.21"
            ],
            "resource_group_name": "az-loadbalancer",
            "secret": [],
            "secure_boot_enabled": false,
            "size": "Standard_DS1_v2",
            "source_image_id": "",
            "source_image_reference": [
              {
                "offer": "WindowsServer",
                "publisher": "MicrosoftWindowsServer",
                "sku": "2022-datacenter-azure-edition",
                "version": "latest"
              }
            ],
            "tags": null,
            "termination_notification": null,
            "timeouts": null,
            "timezone": "",
            "user_data": "",
            "virtual_machine_id": "30a4b96e-a5b8-4ae5-aacb-bffff07d52b8",
            "virtual_machine_scale_set_id": "",
            "vtpm_enabled": false,
            "winrm_listener": [],
            "zone": ""
          },
          "sensitive_attributes": [],
          "private": "eyJlMmJmYjczMC1lY2FhLTExZTYtOGY4OC0zNDM2M2JjN2M0YzAiOnsiY3JlYXRlIjoyNzAwMDAwMDAwMDAwLCJkZWxldGUiOjI3MDAwMDAwMDAwMDAsInJlYWQiOjMwMDAwMDAwMDAwMCwidXBkYXRlIjoyNzAwMDAwMDAwMDAwfX0=",
          "dependencies": [
            "azurerm_availability_set.availset",
            "azurerm_network_interface.az_nic",
            "azurerm_public_ip.az_public_ip",
            "azurerm_resource_group.main",
            "azurerm_storage_account.az_storage_account",
            "azurerm_subnet.az_subnet",
            "azurerm_virtual_network.az_vnet",
            "random_id.random_id"
          ]
        },
        {
          "index_key": 1,
          "schema_version": 0,
          "attributes": {
            "additional_capabilities": [],
            "additional_unattend_content": [],
            "admin_password": "Sysadmin@123",
            "admin_username": "azureuser",
            "allow_extension_operations": true,
            "availability_set_id": "/subscriptions/71815b3c-ac05-4504-8f3f-6d7f27ce722f/resourceGroups/az-loadbalancer/providers/Microsoft.Compute/availabilitySets/AAS01",
            "boot_diagnostics": [
              {
                "storage_account_uri": "https://azstacc237f934252b8f7e8.blob.core.windows.net/"
              }
            ],
            "computer_name": "vm01",
            "custom_data": null,
            "dedicated_host_group_id": "",
            "dedicated_host_id": "",
            "edge_zone": "",
            "enable_automatic_updates": true,
            "encryption_at_host_enabled": false,
            "eviction_policy": "",
            "extensions_time_budget": "PT1H30M",
            "hotpatching_enabled": false,
            "id": "/subscriptions/71815b3c-ac05-4504-8f3f-6d7f27ce722f/resourceGroups/az-loadbalancer/providers/Microsoft.Compute/virtualMachines/vm01",
            "identity": [],
            "license_type": "",
            "location": "eastus",
            "max_bid_price": -1,
            "name": "vm01",
            "network_interface_ids": [
              "/subscriptions/71815b3c-ac05-4504-8f3f-6d7f27ce722f/resourceGroups/az-loadbalancer/providers/Microsoft.Network/networkInterfaces/az_net1"
            ],
            "os_disk": [
              {
                "caching": "ReadWrite",
                "diff_disk_settings": [],
                "disk_encryption_set_id": "",
                "disk_size_gb": 127,
                "name": "myOsDisk1",
                "storage_account_type": "Standard_LRS",
                "write_accelerator_enabled": false
              }
            ],
            "patch_mode": "AutomaticByOS",
            "plan": [],
            "platform_fault_domain": -1,
            "priority": "Regular",
            "private_ip_address": "10.0.1.4",
            "private_ip_addresses": [
              "10.0.1.4"
            ],
            "provision_vm_agent": true,
            "proximity_placement_group_id": "",
            "public_ip_address": "172.190.220.29",
            "public_ip_addresses": [
              "172.190.220.29"
            ],
            "resource_group_name": "az-loadbalancer",
            "secret": [],
            "secure_boot_enabled": false,
            "size": "Standard_DS1_v2",
            "source_image_id": "",
            "source_image_reference": [
              {
                "offer": "WindowsServer",
                "publisher": "MicrosoftWindowsServer",
                "sku": "2022-datacenter-azure-edition",
                "version": "latest"
              }
            ],
            "tags": null,
            "termination_notification": null,
            "timeouts": null,
            "timezone": "",
            "user_data": "",
            "virtual_machine_id": "1ba79a12-3317-4358-b0c4-7deb5c63ba02",
            "virtual_machine_scale_set_id": "",
            "vtpm_enabled": false,
            "winrm_listener": [],
            "zone": ""
          },
          "sensitive_attributes": [],
          "private": "eyJlMmJmYjczMC1lY2FhLTExZTYtOGY4OC0zNDM2M2JjN2M0YzAiOnsiY3JlYXRlIjoyNzAwMDAwMDAwMDAwLCJkZWxldGUiOjI3MDAwMDAwMDAwMDAsInJlYWQiOjMwMDAwMDAwMDAwMCwidXBkYXRlIjoyNzAwMDAwMDAwMDAwfX0=",
          "dependencies": [
            "azurerm_availability_set.availset",
            "azurerm_network_interface.az_nic",
            "azurerm_public_ip.az_public_ip",
            "azurerm_resource_group.main",
            "azurerm_storage_account.az_storage_account",
            "azurerm_subnet.az_subnet",
            "azurerm_virtual_network.az_vnet",
            "random_id.random_id"
          ]
        },
        {
          "index_key": 2,
          "schema_version": 0,
          "attributes": {
            "additional_capabilities": [],
            "additional_unattend_content": [],
            "admin_password": "Sysadmin@123",
            "admin_username": "azureuser",
            "allow_extension_operations": true,
            "availability_set_id": "/subscriptions/71815b3c-ac05-4504-8f3f-6d7f27ce722f/resourceGroups/az-loadbalancer/providers/Microsoft.Compute/availabilitySets/AAS01",
            "boot_diagnostics": [
              {
                "storage_account_uri": "https://azstacc237f934252b8f7e8.blob.core.windows.net/"
              }
            ],
            "computer_name": "vm02",
            "custom_data": null,
            "dedicated_host_group_id": "",
            "dedicated_host_id": "",
            "edge_zone": "",
            "enable_automatic_updates": true,
            "encryption_at_host_enabled": false,
            "eviction_policy": "",
            "extensions_time_budget": "PT1H30M",
            "hotpatching_enabled": false,
            "id": "/subscriptions/71815b3c-ac05-4504-8f3f-6d7f27ce722f/resourceGroups/az-loadbalancer/providers/Microsoft.Compute/virtualMachines/vm02",
            "identity": [],
            "license_type": "",
            "location": "eastus",
            "max_bid_price": -1,
            "name": "vm02",
            "network_interface_ids": [
              "/subscriptions/71815b3c-ac05-4504-8f3f-6d7f27ce722f/resourceGroups/az-loadbalancer/providers/Microsoft.Network/networkInterfaces/az_net2"
            ],
            "os_disk": [
              {
                "caching": "ReadWrite",
                "diff_disk_settings": [],
                "disk_encryption_set_id": "",
                "disk_size_gb": 127,
                "name": "myOsDisk2",
                "storage_account_type": "Standard_LRS",
                "write_accelerator_enabled": false
              }
            ],
            "patch_mode": "AutomaticByOS",
            "plan": [],
            "platform_fault_domain": -1,
            "priority": "Regular",
            "private_ip_address": "10.0.1.6",
            "private_ip_addresses": [
              "10.0.1.6"
            ],
            "provision_vm_agent": true,
            "proximity_placement_group_id": "",
            "public_ip_address": "20.231.223.98",
            "public_ip_addresses": [
              "20.231.223.98"
            ],
            "resource_group_name": "az-loadbalancer",
            "secret": [],
            "secure_boot_enabled": false,
            "size": "Standard_DS1_v2",
            "source_image_id": "",
            "source_image_reference": [
              {
                "offer": "WindowsServer",
                "publisher": "MicrosoftWindowsServer",
                "sku": "2022-datacenter-azure-edition",
                "version": "latest"
              }
            ],
            "tags": null,
            "termination_notification": null,
            "timeouts": null,
            "timezone": "",
            "user_data": "",
            "virtual_machine_id": "2b0eb681-3960-4780-a161-225b515745f3",
            "virtual_machine_scale_set_id": "",
            "vtpm_enabled": false,
            "winrm_listener": [],
            "zone": ""
          },
          "sensitive_attributes": [],
          "private": "eyJlMmJmYjczMC1lY2FhLTExZTYtOGY4OC0zNDM2M2JjN2M0YzAiOnsiY3JlYXRlIjoyNzAwMDAwMDAwMDAwLCJkZWxldGUiOjI3MDAwMDAwMDAwMDAsInJlYWQiOjMwMDAwMDAwMDAwMCwidXBkYXRlIjoyNzAwMDAwMDAwMDAwfX0=",
          "dependencies": [
            "azurerm_availability_set.availset",
            "azurerm_network_interface.az_nic",
            "azurerm_public_ip.az_public_ip",
            "azurerm_resource_group.main",
            "azurerm_storage_account.az_storage_account",
            "azurerm_subnet.az_subnet",
            "azurerm_virtual_network.az_vnet",
            "random_id.random_id"
          ]
        }
      ]
    },
    {
      "mode": "managed",
      "type": "random_id",
      "name": "random_id",
      "provider": "provider[\"registry.terraform.io/hashicorp/random\"]",
      "instances": [
        {
          "schema_version": 0,
          "attributes": {
            "b64_std": "I3+TQlK49+g=",
            "b64_url": "I3-TQlK49-g",
            "byte_length": 8,
            "dec": "2557925026434709480",
            "hex": "237f934252b8f7e8",
            "id": "I3-TQlK49-g",
            "keepers": {
              "resource_group": "az-loadbalancer"
            },
            "prefix": null
          },
          "sensitive_attributes": [],
          "dependencies": [
            "azurerm_resource_group.main"
          ]
        }
      ]
    }
  ],
  "check_results": null
}
